
Microsoft Visual Studio Solution File, Format Version 12.00
# Visual Studio Version 17
VisualStudioVersion = 17.11.35222.181
MinimumVisualStudioVersion = 10.0.40219.1
Project("{FAE04EC0-301F-11D3-BF4B-00C04F79EFBC}") = "Sana03", "Sana03\Sana03.csproj", "{10EA1643-3B0A-4633-A89F-CF2D8C6260BA}"
EndProject
Global
	GlobalSection(SolutionConfigurationPlatforms) = preSolution
		Debug|Any CPU = Debug|Any CPU
		Release|Any CPU = Release|Any CPU
	EndGlobalSection
	GlobalSection(ProjectConfigurationPlatforms) = postSolution
		{10EA1643-3B0A-4633-A89F-CF2D8C6260BA}.Debug|Any CPU.ActiveCfg = Debug|Any CPU
		{10EA1643-3B0A-4633-A89F-CF2D8C6260BA}.Debug|Any CPU.Build.0 = Debug|Any CPU
		{10EA1643-3B0A-4633-A89F-CF2D8C6260BA}.Release|Any CPU.ActiveCfg = Release|Any CPU
		{10EA1643-3B0A-4633-A89F-CF2D8C6260BA}.Release|Any CPU.Build.0 = Release|Any CPU
	EndGlobalSection
	GlobalSection(SolutionProperties) = preSolution
		HideSolutionNode = FALSE
	EndGlobalSection
	GlobalSection(ExtensibilityGlobals) = postSolution
		SolutionGuid = {234F525C-53A7-4E87-8324-6AEC54D7AD3C}
	EndGlobalSection
EndGlobal
